
Microsoft Visual Studio Solution File, Format Version 12.00
# Visual Studio Version 17
VisualStudioVersion = 17.0.31903.59
MinimumVisualStudioVersion = 10.0.40219.1
Project("{2150E333-8FDC-42A3-9474-1A3956D46DE8}") = "src", "src", "{827E0CD3-B72D-47B6-A68D-7590B98EB39B}"
EndProject
Project("{FAE04EC0-301F-11D3-BF4B-00C04F79EFBC}") = "DroneControl.Api", "src\DroneControl.Api\DroneControl.Api.csproj", "{96E4FDF7-10D1-4C63-902C-F11266F66D04}"
EndProject
Project("{FAE04EC0-301F-11D3-BF4B-00C04F79EFBC}") = "DroneControl.Application", "src\DroneControl.Application\DroneControl.Application.csproj", "{E9159396-43BE-476C-8DBA-1BF770C7CD86}"
EndProject
Project("{FAE04EC0-301F-11D3-BF4B-00C04F79EFBC}") = "DroneControl.Domain", "src\DroneControl.Domain\DroneControl.Domain.csproj", "{39A62FF8-CD68-4960-BD54-C9CD6A4758BA}"
EndProject
Project("{FAE04EC0-301F-11D3-BF4B-00C04F79EFBC}") = "DroneControl.Infrastructure", "src\DroneControl.Infrastructure\DroneControl.Infrastructure.csproj", "{09657CA5-3766-467D-8437-7450A2B58EB1}"
EndProject
Project("{2150E333-8FDC-42A3-9474-1A3956D46DE8}") = "tests", "tests", "{0AB3BF05-4346-4AA6-1389-037BE0695223}"
EndProject
Project("{FAE04EC0-301F-11D3-BF4B-00C04F79EFBC}") = "DroneControl.Domain.Tests", "tests\DroneControl.Domain.Tests\DroneControl.Domain.Tests.csproj", "{3D566A37-BCD1-4D9E-812C-14E4C15053E3}"
EndProject
Project("{FAE04EC0-301F-11D3-BF4B-00C04F79EFBC}") = "DroneControl.Application.Tests", "tests\DroneControl.Application.Tests\DroneControl.Application.Tests.csproj", "{65F7EA88-7974-4900-85F1-293BEE7115FB}"
EndProject
Project("{FAE04EC0-301F-11D3-BF4B-00C04F79EFBC}") = "DroneControl.Api.Tests", "tests\DroneControl.Api.Tests\DroneControl.Api.Tests.csproj", "{A29EA009-8F66-44AD-9BB4-481B4647E27B}"
EndProject
Global
	GlobalSection(SolutionConfigurationPlatforms) = preSolution
		Debug|Any CPU = Debug|Any CPU
		Debug|x64 = Debug|x64
		Debug|x86 = Debug|x86
		Release|Any CPU = Release|Any CPU
		Release|x64 = Release|x64
		Release|x86 = Release|x86
	EndGlobalSection
	GlobalSection(ProjectConfigurationPlatforms) = postSolution
		{96E4FDF7-10D1-4C63-902C-F11266F66D04}.Debug|Any CPU.ActiveCfg = Debug|Any CPU
		{96E4FDF7-10D1-4C63-902C-F11266F66D04}.Debug|Any CPU.Build.0 = Debug|Any CPU
		{96E4FDF7-10D1-4C63-902C-F11266F66D04}.Debug|x64.ActiveCfg = Debug|Any CPU
		{96E4FDF7-10D1-4C63-902C-F11266F66D04}.Debug|x64.Build.0 = Debug|Any CPU
		{96E4FDF7-10D1-4C63-902C-F11266F66D04}.Debug|x86.ActiveCfg = Debug|Any CPU
		{96E4FDF7-10D1-4C63-902C-F11266F66D04}.Debug|x86.Build.0 = Debug|Any CPU
		{96E4FDF7-10D1-4C63-902C-F11266F66D04}.Release|Any CPU.ActiveCfg = Release|Any CPU
		{96E4FDF7-10D1-4C63-902C-F11266F66D04}.Release|Any CPU.Build.0 = Release|Any CPU
		{96E4FDF7-10D1-4C63-902C-F11266F66D04}.Release|x64.ActiveCfg = Release|Any CPU
		{96E4FDF7-10D1-4C63-902C-F11266F66D04}.Release|x64.Build.0 = Release|Any CPU
		{96E4FDF7-10D1-4C63-902C-F11266F66D04}.Release|x86.ActiveCfg = Release|Any CPU
		{96E4FDF7-10D1-4C63-902C-F11266F66D04}.Release|x86.Build.0 = Release|Any CPU
		{E9159396-43BE-476C-8DBA-1BF770C7CD86}.Debug|Any CPU.ActiveCfg = Debug|Any CPU
		{E9159396-43BE-476C-8DBA-1BF770C7CD86}.Debug|Any CPU.Build.0 = Debug|Any CPU
		{E9159396-43BE-476C-8DBA-1BF770C7CD86}.Debug|x64.ActiveCfg = Debug|Any CPU
		{E9159396-43BE-476C-8DBA-1BF770C7CD86}.Debug|x64.Build.0 = Debug|Any CPU
		{E9159396-43BE-476C-8DBA-1BF770C7CD86}.Debug|x86.ActiveCfg = Debug|Any CPU
		{E9159396-43BE-476C-8DBA-1BF770C7CD86}.Debug|x86.Build.0 = Debug|Any CPU
		{E9159396-43BE-476C-8DBA-1BF770C7CD86}.Release|Any CPU.ActiveCfg = Release|Any CPU
		{E9159396-43BE-476C-8DBA-1BF770C7CD86}.Release|Any CPU.Build.0 = Release|Any CPU
		{E9159396-43BE-476C-8DBA-1BF770C7CD86}.Release|x64.ActiveCfg = Release|Any CPU
		{E9159396-43BE-476C-8DBA-1BF770C7CD86}.Release|x64.Build.0 = Release|Any CPU
		{E9159396-43BE-476C-8DBA-1BF770C7CD86}.Release|x86.ActiveCfg = Release|Any CPU
		{E9159396-43BE-476C-8DBA-1BF770C7CD86}.Release|x86.Build.0 = Release|Any CPU
		{39A62FF8-CD68-4960-BD54-C9CD6A4758BA}.Debug|Any CPU.ActiveCfg = Debug|Any CPU
		{39A62FF8-CD68-4960-BD54-C9CD6A4758BA}.Debug|Any CPU.Build.0 = Debug|Any CPU
		{39A62FF8-CD68-4960-BD54-C9CD6A4758BA}.Debug|x64.ActiveCfg = Debug|Any CPU
		{39A62FF8-CD68-4960-BD54-C9CD6A4758BA}.Debug|x64.Build.0 = Debug|Any CPU
		{39A62FF8-CD68-4960-BD54-C9CD6A4758BA}.Debug|x86.ActiveCfg = Debug|Any CPU
		{39A62FF8-CD68-4960-BD54-C9CD6A4758BA}.Debug|x86.Build.0 = Debug|Any CPU
		{39A62FF8-CD68-4960-BD54-C9CD6A4758BA}.Release|Any CPU.ActiveCfg = Release|Any CPU
		{39A62FF8-CD68-4960-BD54-C9CD6A4758BA}.Release|Any CPU.Build.0 = Release|Any CPU
		{39A62FF8-CD68-4960-BD54-C9CD6A4758BA}.Release|x64.ActiveCfg = Release|Any CPU
		{39A62FF8-CD68-4960-BD54-C9CD6A4758BA}.Release|x64.Build.0 = Release|Any CPU
		{39A62FF8-CD68-4960-BD54-C9CD6A4758BA}.Release|x86.ActiveCfg = Release|Any CPU
		{39A62FF8-CD68-4960-BD54-C9CD6A4758BA}.Release|x86.Build.0 = Release|Any CPU
		{09657CA5-3766-467D-8437-7450A2B58EB1}.Debug|Any CPU.ActiveCfg = Debug|Any CPU
		{09657CA5-3766-467D-8437-7450A2B58EB1}.Debug|Any CPU.Build.0 = Debug|Any CPU
		{09657CA5-3766-467D-8437-7450A2B58EB1}.Debug|x64.ActiveCfg = Debug|Any CPU
		{09657CA5-3766-467D-8437-7450A2B58EB1}.Debug|x64.Build.0 = Debug|Any CPU
		{09657CA5-3766-467D-8437-7450A2B58EB1}.Debug|x86.ActiveCfg = Debug|Any CPU
		{09657CA5-3766-467D-8437-7450A2B58EB1}.Debug|x86.Build.0 = Debug|Any CPU
		{09657CA5-3766-467D-8437-7450A2B58EB1}.Release|Any CPU.ActiveCfg = Release|Any CPU
		{09657CA5-3766-467D-8437-7450A2B58EB1}.Release|Any CPU.Build.0 = Release|Any CPU
		{09657CA5-3766-467D-8437-7450A2B58EB1}.Release|x64.ActiveCfg = Release|Any CPU
		{09657CA5-3766-467D-8437-7450A2B58EB1}.Release|x64.Build.0 = Release|Any CPU
		{09657CA5-3766-467D-8437-7450A2B58EB1}.Release|x86.ActiveCfg = Release|Any CPU
		{09657CA5-3766-467D-8437-7450A2B58EB1}.Release|x86.Build.0 = Release|Any CPU
		{3D566A37-BCD1-4D9E-812C-14E4C15053E3}.Debug|Any CPU.ActiveCfg = Debug|Any CPU
		{3D566A37-BCD1-4D9E-812C-14E4C15053E3}.Debug|Any CPU.Build.0 = Debug|Any CPU
		{3D566A37-BCD1-4D9E-812C-14E4C15053E3}.Debug|x64.ActiveCfg = Debug|Any CPU
		{3D566A37-BCD1-4D9E-812C-14E4C15053E3}.Debug|x64.Build.0 = Debug|Any CPU
		{3D566A37-BCD1-4D9E-812C-14E4C15053E3}.Debug|x86.ActiveCfg = Debug|Any CPU
		{3D566A37-BCD1-4D9E-812C-14E4C15053E3}.Debug|x86.Build.0 = Debug|Any CPU
		{3D566A37-BCD1-4D9E-812C-14E4C15053E3}.Release|Any CPU.ActiveCfg = Release|Any CPU
		{3D566A37-BCD1-4D9E-812C-14E4C15053E3}.Release|Any CPU.Build.0 = Release|Any CPU
		{3D566A37-BCD1-4D9E-812C-14E4C15053E3}.Release|x64.ActiveCfg = Release|Any CPU
		{3D566A37-BCD1-4D9E-812C-14E4C15053E3}.Release|x64.Build.0 = Release|Any CPU
		{3D566A37-BCD1-4D9E-812C-14E4C15053E3}.Release|x86.ActiveCfg = Release|Any CPU
		{3D566A37-BCD1-4D9E-812C-14E4C15053E3}.Release|x86.Build.0 = Release|Any CPU
		{65F7EA88-7974-4900-85F1-293BEE7115FB}.Debug|Any CPU.ActiveCfg = Debug|Any CPU
		{65F7EA88-7974-4900-85F1-293BEE7115FB}.Debug|Any CPU.Build.0 = Debug|Any CPU
		{65F7EA88-7974-4900-85F1-293BEE7115FB}.Debug|x64.ActiveCfg = Debug|Any CPU
		{65F7EA88-7974-4900-85F1-293BEE7115FB}.Debug|x64.Build.0 = Debug|Any CPU
		{65F7EA88-7974-4900-85F1-293BEE7115FB}.Debug|x86.ActiveCfg = Debug|Any CPU
		{65F7EA88-7974-4900-85F1-293BEE7115FB}.Debug|x86.Build.0 = Debug|Any CPU
		{65F7EA88-7974-4900-85F1-293BEE7115FB}.Release|Any CPU.ActiveCfg = Release|Any CPU
		{65F7EA88-7974-4900-85F1-293BEE7115FB}.Release|Any CPU.Build.0 = Release|Any CPU
		{65F7EA88-7974-4900-85F1-293BEE7115FB}.Release|x64.ActiveCfg = Release|Any CPU
		{65F7EA88-7974-4900-85F1-293BEE7115FB}.Release|x64.Build.0 = Release|Any CPU
		{65F7EA88-7974-4900-85F1-293BEE7115FB}.Release|x86.ActiveCfg = Release|Any CPU
		{65F7EA88-7974-4900-85F1-293BEE7115FB}.Release|x86.Build.0 = Release|Any CPU
		{A29EA009-8F66-44AD-9BB4-481B4647E27B}.Debug|Any CPU.ActiveCfg = Debug|Any CPU
		{A29EA009-8F66-44AD-9BB4-481B4647E27B}.Debug|Any CPU.Build.0 = Debug|Any CPU
		{A29EA009-8F66-44AD-9BB4-481B4647E27B}.Debug|x64.ActiveCfg = Debug|Any CPU
		{A29EA009-8F66-44AD-9BB4-481B4647E27B}.Debug|x64.Build.0 = Debug|Any CPU
		{A29EA009-8F66-44AD-9BB4-481B4647E27B}.Debug|x86.ActiveCfg = Debug|Any CPU
		{A29EA009-8F66-44AD-9BB4-481B4647E27B}.Debug|x86.Build.0 = Debug|Any CPU
		{A29EA009-8F66-44AD-9BB4-481B4647E27B}.Release|Any CPU.ActiveCfg = Release|Any CPU
		{A29EA009-8F66-44AD-9BB4-481B4647E27B}.Release|Any CPU.Build.0 = Release|Any CPU
		{A29EA009-8F66-44AD-9BB4-481B4647E27B}.Release|x64.ActiveCfg = Release|Any CPU
		{A29EA009-8F66-44AD-9BB4-481B4647E27B}.Release|x64.Build.0 = Release|Any CPU
		{A29EA009-8F66-44AD-9BB4-481B4647E27B}.Release|x86.ActiveCfg = Release|Any CPU
		{A29EA009-8F66-44AD-9BB4-481B4647E27B}.Release|x86.Build.0 = Release|Any CPU
	EndGlobalSection
	GlobalSection(SolutionProperties) = preSolution
		HideSolutionNode = FALSE
	EndGlobalSection
	GlobalSection(NestedProjects) = preSolution
		{96E4FDF7-10D1-4C63-902C-F11266F66D04} = {827E0CD3-B72D-47B6-A68D-7590B98EB39B}
		{E9159396-43BE-476C-8DBA-1BF770C7CD86} = {827E0CD3-B72D-47B6-A68D-7590B98EB39B}
		{39A62FF8-CD68-4960-BD54-C9CD6A4758BA} = {827E0CD3-B72D-47B6-A68D-7590B98EB39B}
		{09657CA5-3766-467D-8437-7450A2B58EB1} = {827E0CD3-B72D-47B6-A68D-7590B98EB39B}
		{3D566A37-BCD1-4D9E-812C-14E4C15053E3} = {0AB3BF05-4346-4AA6-1389-037BE0695223}
		{65F7EA88-7974-4900-85F1-293BEE7115FB} = {0AB3BF05-4346-4AA6-1389-037BE0695223}
		{A29EA009-8F66-44AD-9BB4-481B4647E27B} = {0AB3BF05-4346-4AA6-1389-037BE0695223}
	EndGlobalSection
EndGlobal
